
Microsoft Visual Studio Solution File, Format Version 12.00
# Visual Studio Version 17
VisualStudioVersion = 17.8.34511.84
MinimumVisualStudioVersion = 10.0.40219.1
Project("{FAE04EC0-301F-11D3-BF4B-00C04F79EFBC}") = "InventoryAPI", "InventoryAPI\InventoryAPI.csproj", "{59891A21-6E19-47F5-A799-DB5327105B78}"
EndProject
Global
	GlobalSection(SolutionConfigurationPlatforms) = preSolution
		Debug|Any CPU = Debug|Any CPU
		Release|Any CPU = Release|Any CPU
	EndGlobalSection
	GlobalSection(ProjectConfigurationPlatforms) = postSolution
		{59891A21-6E19-47F5-A799-DB5327105B78}.Debug|Any CPU.ActiveCfg = Debug|Any CPU
		{59891A21-6E19-47F5-A799-DB5327105B78}.Debug|Any CPU.Build.0 = Debug|Any CPU
		{59891A21-6E19-47F5-A799-DB5327105B78}.Release|Any CPU.ActiveCfg = Release|Any CPU
		{59891A21-6E19-47F5-A799-DB5327105B78}.Release|Any CPU.Build.0 = Release|Any CPU
	EndGlobalSection
	GlobalSection(SolutionProperties) = preSolution
		HideSolutionNode = FALSE
	EndGlobalSection
	GlobalSection(ExtensibilityGlobals) = postSolution
		SolutionGuid = {D53E72DE-D711-4261-A241-A7D03C1504F4}
	EndGlobalSection
EndGlobal
